
Microsoft Visual Studio Solution File, Format Version 12.00
# Visual Studio Version 17
VisualStudioVersion = 17.8.34330.188
MinimumVisualStudioVersion = 10.0.40219.1
Project("{8BC9CEB8-8B4A-11D0-8D11-00A0C91BC942}") = "estc+++", "estc+++\estc+++.vcxproj", "{D876E804-43DF-4473-BA7B-42A30B0EE906}"
EndProject
Global
	GlobalSection(SolutionConfigurationPlatforms) = preSolution
		Debug|x64 = Debug|x64
		Debug|x86 = Debug|x86
		Release|x64 = Release|x64
		Release|x86 = Release|x86
	EndGlobalSection
	GlobalSection(ProjectConfigurationPlatforms) = postSolution
		{D876E804-43DF-4473-BA7B-42A30B0EE906}.Debug|x64.ActiveCfg = Debug|x64
		{D876E804-43DF-4473-BA7B-42A30B0EE906}.Debug|x64.Build.0 = Debug|x64
		{D876E804-43DF-4473-BA7B-42A30B0EE906}.Debug|x86.ActiveCfg = Debug|Win32
		{D876E804-43DF-4473-BA7B-42A30B0EE906}.Debug|x86.Build.0 = Debug|Win32
		{D876E804-43DF-4473-BA7B-42A30B0EE906}.Release|x64.ActiveCfg = Release|x64
		{D876E804-43DF-4473-BA7B-42A30B0EE906}.Release|x64.Build.0 = Release|x64
		{D876E804-43DF-4473-BA7B-42A30B0EE906}.Release|x86.ActiveCfg = Release|Win32
		{D876E804-43DF-4473-BA7B-42A30B0EE906}.Release|x86.Build.0 = Release|Win32
	EndGlobalSection
	GlobalSection(SolutionProperties) = preSolution
		HideSolutionNode = FALSE
	EndGlobalSection
	GlobalSection(ExtensibilityGlobals) = postSolution
		SolutionGuid = {301626DD-E020-4BD7-B606-B800A7CCA414}
	EndGlobalSection
EndGlobal
